
Microsoft Visual Studio Solution File, Format Version 12.00
# Visual Studio Version 16
VisualStudioVersion = 16.0.29102.190
MinimumVisualStudioVersion = 10.0.40219.1
Project("{FAE04EC0-301F-11D3-BF4B-00C04F79EFBC}") = "odeToFood", "odeToFood\odeToFood.csproj", "{57682604-67A1-45CB-A57F-724648CC2B41}"
EndProject
Project("{FAE04EC0-301F-11D3-BF4B-00C04F79EFBC}") = "odeToFood.Core", "odeToFood.Core\odeToFood.Core.csproj", "{AE76514F-4BC6-4C58-AC0B-5F0538F3CCD6}"
EndProject
Project("{FAE04EC0-301F-11D3-BF4B-00C04F79EFBC}") = "odeToFood.Data", "odeToFood.Data\odeToFood.Data.csproj", "{0DD110E2-5288-484E-95DE-A2918BFBEEBE}"
EndProject
Global
	GlobalSection(SolutionConfigurationPlatforms) = preSolution
		Debug|Any CPU = Debug|Any CPU
		Release|Any CPU = Release|Any CPU
	EndGlobalSection
	GlobalSection(ProjectConfigurationPlatforms) = postSolution
		{57682604-67A1-45CB-A57F-724648CC2B41}.Debug|Any CPU.ActiveCfg = Debug|Any CPU
		{57682604-67A1-45CB-A57F-724648CC2B41}.Debug|Any CPU.Build.0 = Debug|Any CPU
		{57682604-67A1-45CB-A57F-724648CC2B41}.Release|Any CPU.ActiveCfg = Release|Any CPU
		{57682604-67A1-45CB-A57F-724648CC2B41}.Release|Any CPU.Build.0 = Release|Any CPU
		{AE76514F-4BC6-4C58-AC0B-5F0538F3CCD6}.Debug|Any CPU.ActiveCfg = Debug|Any CPU
		{AE76514F-4BC6-4C58-AC0B-5F0538F3CCD6}.Debug|Any CPU.Build.0 = Debug|Any CPU
		{AE76514F-4BC6-4C58-AC0B-5F0538F3CCD6}.Release|Any CPU.ActiveCfg = Release|Any CPU
		{AE76514F-4BC6-4C58-AC0B-5F0538F3CCD6}.Release|Any CPU.Build.0 = Release|Any CPU
		{0DD110E2-5288-484E-95DE-A2918BFBEEBE}.Debug|Any CPU.ActiveCfg = Debug|Any CPU
		{0DD110E2-5288-484E-95DE-A2918BFBEEBE}.Debug|Any CPU.Build.0 = Debug|Any CPU
		{0DD110E2-5288-484E-95DE-A2918BFBEEBE}.Release|Any CPU.ActiveCfg = Release|Any CPU
		{0DD110E2-5288-484E-95DE-A2918BFBEEBE}.Release|Any CPU.Build.0 = Release|Any CPU
	EndGlobalSection
	GlobalSection(SolutionProperties) = preSolution
		HideSolutionNode = FALSE
	EndGlobalSection
	GlobalSection(ExtensibilityGlobals) = postSolution
		SolutionGuid = {90789F36-8988-4EEC-B0DE-95EA9A9ED26C}
	EndGlobalSection
EndGlobal
